{
  "originHash" : "cb5dcc9bcee2a91f117f6593f5b530f8df738e7723f67a4b4aa6e599c7023e0d",
  "pins" : [
    {
      "identity" : "composablearchitecturepattern",
      "kind" : "remoteSourceControl",
      "location" : "https://github.com/jonnyholland/ComposableArchitecturePattern",
      "state" : {
        "branch" : "main",
        "revision" : "8f931b8e431064d8c0e4231b59d3e77a50e06da9"
      }
    }
  ],
  "version" : 3
}
